
Microsoft Visual Studio Solution File, Format Version 12.00
# Visual Studio Version 17
VisualStudioVersion = 17.1.32228.430
MinimumVisualStudioVersion = 10.0.40219.1
Project("{FAE04EC0-301F-11D3-BF4B-00C04F79EFBC}") = "Cofee Shop Management System", "Cofee Shop Management System.csproj", "{30CCF49C-4763-40A8-BF88-9EFD84DD1F17}"
EndProject
Global
	GlobalSection(SolutionConfigurationPlatforms) = preSolution
		Debug|Any CPU = Debug|Any CPU
		Release|Any CPU = Release|Any CPU
	EndGlobalSection
	GlobalSection(ProjectConfigurationPlatforms) = postSolution
		{30CCF49C-4763-40A8-BF88-9EFD84DD1F17}.Debug|Any CPU.ActiveCfg = Debug|Any CPU
		{30CCF49C-4763-40A8-BF88-9EFD84DD1F17}.Debug|Any CPU.Build.0 = Debug|Any CPU
		{30CCF49C-4763-40A8-BF88-9EFD84DD1F17}.Release|Any CPU.ActiveCfg = Release|Any CPU
		{30CCF49C-4763-40A8-BF88-9EFD84DD1F17}.Release|Any CPU.Build.0 = Release|Any CPU
	EndGlobalSection
	GlobalSection(SolutionProperties) = preSolution
		HideSolutionNode = FALSE
	EndGlobalSection
	GlobalSection(ExtensibilityGlobals) = postSolution
		SolutionGuid = {021B818B-E8D2-431B-9C1F-407CC948C1FB}
	EndGlobalSection
EndGlobal
